
Microsoft Visual Studio Solution File, Format Version 12.00
# Visual Studio 15
VisualStudioVersion = 15.0.28010.2036
MinimumVisualStudioVersion = 10.0.40219.1
Project("{FAE04EC0-301F-11D3-BF4B-00C04F79EFBC}") = "BagStructure", "BagStructure\BagStructure.csproj", "{B7D6FF0E-23B0-4AF9-9F0D-9BAFD47E1C28}"
EndProject
Global
	GlobalSection(SolutionConfigurationPlatforms) = preSolution
		Debug|Any CPU = Debug|Any CPU
		Release|Any CPU = Release|Any CPU
	EndGlobalSection
	GlobalSection(ProjectConfigurationPlatforms) = postSolution
		{B7D6FF0E-23B0-4AF9-9F0D-9BAFD47E1C28}.Debug|Any CPU.ActiveCfg = Debug|Any CPU
		{B7D6FF0E-23B0-4AF9-9F0D-9BAFD47E1C28}.Debug|Any CPU.Build.0 = Debug|Any CPU
		{B7D6FF0E-23B0-4AF9-9F0D-9BAFD47E1C28}.Release|Any CPU.ActiveCfg = Release|Any CPU
		{B7D6FF0E-23B0-4AF9-9F0D-9BAFD47E1C28}.Release|Any CPU.Build.0 = Release|Any CPU
	EndGlobalSection
	GlobalSection(SolutionProperties) = preSolution
		HideSolutionNode = FALSE
	EndGlobalSection
	GlobalSection(ExtensibilityGlobals) = postSolution
		SolutionGuid = {2E34D3A8-FEF4-495A-A7A8-9A70A96AA7C7}
	EndGlobalSection
EndGlobal
